{
    "_meta": {
        "hash": {
            "sha256": "e2b52fd3a61a0740f1a0e14c860bdfb89e4034a275b4292efa6a84911d2dc3c1"
        },
        "pipfile-spec": 6,
        "requires": {},
        "sources": [
            {
                "url": "https://pypi.python.org/simple",
                "verify_ssl": true
            }
        ]
    },
    "default": {
        "certifi": {
            "hashes": [
                "sha256:e4f3620cfea4f83eedc95b24abd9cd56f3c4b146dd0177e83a21b4eb49e21e50",
                "sha256:fd7c7c74727ddcf00e9acd26bba8da604ffec95bf1c2144e67aff7a8b50e6cef"
            ],
            "version": "==2019.9.11"
        },
        "chardet": {
            "hashes": [
                "sha256:84ab92ed1c4d4f16916e05906b6b75a6c0fb5db821cc65e70cbd64a3e2a5eaae",
                "sha256:fc323ffcaeaed0e0a02bf4d117757b98aed530d9ed4531e3e15460124c106691"
            ],
            "version": "==3.0.4"
        },
        "defusedxml": {
            "hashes": [
                "sha256:6687150770438374ab581bb7a1b327a847dd9c5749e396102de3fad4e8a3ef93",
                "sha256:f684034d135af4c6cbb949b8a4d2ed61634515257a67299e5f940fbaa34377f5"
            ],
            "markers": "python_version >= '3.0'",
            "version": "==0.6.0"
        },
        "dj-database-url": {
            "hashes": [
                "sha256:a6832d8445ee9d788c5baa48aef8130bf61fdc442f7d9a548424d25cd85c9f08",
                "sha256:e16d94c382ea0564c48038fa7fe8d9c890ef1ab1a8ec4cb48e732c124b9482fd"
            ],
            "version": "==0.4.2"
        },
        "django": {
            "hashes": [
                "sha256:6fd30e05dc9af265f7d7d10cfb0efa013e6236db0853c9f47c74c585587c5a57",
                "sha256:abe86e67dda9897a1536a727ed57dbefb5a42b41943be3b116fe3edab4c07bb2"
            ],
            "version": "==1.11.4"
        },
        "edx-auth-backends": {
            "hashes": [
                "sha256:038cabcd43699872d54681a47becc18fdf2c53688b05faadc8cd840c68ad1e4c",
                "sha256:dbcc0cd3733e6306bcc85742e6096a08658fbc41dc1218b3fc289574d9224935"
            ],
            "version": "==1.1.2"
        },
        "future": {
            "hashes": [
                "sha256:858e38522e8fd0d3ce8f0c1feaf0603358e366d5403209674c7b617fa0c24093"
            ],
            "version": "==0.18.1"
        },
        "gunicorn": {
            "hashes": [
                "sha256:75af03c99389535f218cc596c7de74df4763803f7b63eb09d77e92b3956b36c6",
                "sha256:eee1169f0ca667be05db3351a0960765620dad53f53434262ff8901b68a1b622"
            ],
            "version": "==19.7.1"
        },
        "idna": {
            "hashes": [
                "sha256:c357b3f628cf53ae2c4c05627ecc484553142ca23264e593d327bcde5e9c3407",
                "sha256:ea8b7f6188e6fa117537c3df7da9fc686d485087abf6ac197f9c46432f7e4a3c"
            ],
            "version": "==2.8"
        },
        "oauthlib": {
            "hashes": [
                "sha256:bee41cc35fcca6e988463cacc3bcb8a96224f470ca547e697b604cc697b2f889",
                "sha256:df884cd6cbe20e32633f1db1072e9356f53638e4361bef4e8b03c9127c9328ea"
            ],
            "version": "==3.1.0"
        },
        "psycopg2": {
            "hashes": [
                "sha256:162ab9fc7c2be46b45978bdeecc54ab48f90e57c26c927bfbdcbedee77d22dac",
                "sha256:1b40c5549c0e39c95e26df4c6cdf49f3d85def38310da78628f1d29c3e7d177e",
                "sha256:2854703bf7c1287408f16d66a011426be07540748f19a84644677d6b8d1284a7",
                "sha256:29db29bc5603ff9dc3a639a8e329ca4ab970d01d6fd27bcf2038e6514fe161f4",
                "sha256:2fd25489f2fc5b1a4ab4a131cb7e6c804a664b4201e03d1c5aefcbb055b8bad6",
                "sha256:4807cc2a3bf844b882bd11bdf43805430993ac29fa95ac3ed1cbaa24ab9c0319",
                "sha256:4dd7ce445059e63b249dbcf6a759c45d1ae5f4e6468c60d50f4829e09d52cd4a",
                "sha256:5c11fc5091af28d048c321f2b23a3f984ffb5b546ab3cb7424c52c6feae6c965",
                "sha256:5d6d3e80658bf7436202358490beabe7fc78497f5defecb4e9db91d19d5d2778",
                "sha256:624d9e75d5cf636236ef0e7c325761d8e795200c91154d344b0efcdece535a93",
                "sha256:65a7560c7dc45cd7cb8083e07341789ca9c1e3d668c04e198ec925da1ef0012c",
                "sha256:6a81bba87531e11e93eb5e193e3f25498eb4e3d7a0a730675ea311913ea93f8f",
                "sha256:6be1b5c96a122387afef18669f3bb0fb255a22e77da85bc37fdd5367a446880c",
                "sha256:94f7ca8013fa17b14e8be72dcc4994046fcd40f85b8cf45d13cdfcf777aad0f4",
                "sha256:9b3009f237df518951fc2385dd444b7d79b83c4a9cdd26141d2bd9eabd32d681",
                "sha256:9bfadd7163ec17983c1e395782755ea1c15702e4b79ed333ff70995cd4fb5505",
                "sha256:a1f302a2ef32b16a8a6515d5ae6368460ad7434ba6a3751f5a2c1084f6234ff6",
                "sha256:ad2d1274e69fac940c66854cbc92c9eda572b4b30cab4073d4383148874a8974",
                "sha256:b148f8ccdf9d59bf762b67b80c4a46b9ce1e90dee0f10907640e5a18b07d0ee6",
                "sha256:b2bc3bc99355fe26a76d1225c32ae6f97604f575cb41cd8e8a4932bbc5b932a7",
                "sha256:b60024e969aaecc47530f96c723c4cac63d34606fb57806bed49991ff35aecea",
                "sha256:b807ca62f8844f3eb7bff5790ffc4bd851f51a22f453b59fe3c9461e097eac6d",
                "sha256:bbb843f752f582de95db533d371cf55acf69acd86b0b22e35d89f045c1f6c139",
                "sha256:bc580e4dd39031eea0a662a3e8353b9fa90e500aa7ae14b4589cd4572f7ba4c3",
                "sha256:c9bd49848556d04093909faec017c3675efabf78c2b7f383bf7c43ba18324ac8",
                "sha256:cbd910a5d9e3c2e49c2e8f827f2261c27260260a0b46284445d1a3dd12265be8",
                "sha256:cf4f620f3401e4e8f9e2934c45284e21d404bbe65cd7b81a50402f30c1160109",
                "sha256:d2089a8dc7fea97386d66e46aabf5674538d946dcaf3374f736411638c93c2c4",
                "sha256:db49705698f9edd4878457166b09e53788d3e7f10d86f490ee5978ce2613bc06",
                "sha256:f2ae745ee9b65e04fcca2bbb7ff6d92c196b732f04d0b570310f8958b58ecb64",
                "sha256:febc7334b1f33c08c5c8d29353d557d8510ff1205f9e7ef454a3f8306c79e9b4"
            ],
            "version": "==2.7.3"
        },
        "pycryptodomex": {
            "hashes": [
                "sha256:020928b2831b2047288c9143f41c6690eb669d60761c7ca8c5ca743a2c51517c",
                "sha256:0ce1950ba6544eca4d6fd7386e2502d4bd871fcbd5e5b977604f48ea37b29fc6",
                "sha256:0d5b1159a24a56fd3359b7b1aa1e4331c394033eababb2972bb923d6767968db",
                "sha256:11453e8628cdccbcb08e04405298d659c0c0458cf9bf23eaaa3c201f8d635389",
                "sha256:22e050089f60e70b97909fe62612ee9589f0be1c928c2aa637f2534eddf61632",
                "sha256:27317f1e8e496a2f208b1c40da425d5fe760b494f95c847bb7c3074c95a8edcb",
                "sha256:32e2fe1d0c5fada45b22b647f88367b210dfea40a5cc849b142b4e9fa497c488",
                "sha256:3a998b390a80fd0d22c7d9fbaf49a9a11772ef90495a8baecdea2e6d09929937",
                "sha256:46dda35fbed5426794ab64d483d6257dc43f52e78ba934563492df7cb89f7de6",
                "sha256:4846ca0f2363bdb934c556667b056331d4aabd48f20924b0c5583a49d764d3fc",
                "sha256:550f5e6f07b091f986023f871fa8a2bde9875ccae51d4bd07b31fa9855fe994f",
                "sha256:561905b459de41c3ad19912cdcd88c8e24295d01e97b7b2a63d4188c8e4e0dbc",
                "sha256:5745ca86a4e88a775b7cace28b947a86661d5cc09ecc1c8d97293a7d20c1bb79",
                "sha256:5c2a3bb28dde992f97d856937e973dda0462bf3acb7d0009308a81159a35323b",
                "sha256:73a8acc8ff7f09d482e481757d92a250f803e66e0f248019df90a69e61840180",
                "sha256:8601613ebc329b853e466f581ad1156638989926e0dcdf52952542a89883836c",
                "sha256:8b604f4fa1de456d6d19771b01c2823675a75a2c60e51a6b738f71fdfe865370",
                "sha256:96f8622cb8061f4aca95e52cc835659f024bc2e237ee6a9d01117873b7490b98",
                "sha256:a01c99532c5f7ab96274b5c9f3e135315b79b55ba5c8233fc4d029e0369e94df",
                "sha256:c63040e0313e27b62b0f4295f41adecf96cde7ff4d49f653b81b1958cb1180bf",
                "sha256:c812cb9f3af63da8eaa251e7e48f8b38c4e40974d2bdae2f0ca7a7a12549727a",
                "sha256:cb9e8ef672b7a961f90e0a497718e0f052f76324f216840a4ec30248e4d19f20",
                "sha256:ce8edda46374c344de87089f9887ad4dd317bb4a22f91f1844202eaf14b08de0",
                "sha256:de58de0d5f2fb9253707ee718e1378f2194fdd394cdbed1b6464ab44642f5217",
                "sha256:e0100f9b93d0119d846a33e6cb5001ee208519b81c6acf76da614b71de75885b",
                "sha256:e530b77bdff5c2bf3065e6a088e1602ad193b43e285bac196d4b8820308ec6bb",
                "sha256:f048069aa7b530f1c5e84d55c2b28ca7a7272bb3b8d28829d454a94bec6529a8",
                "sha256:f6a9271c842e93c349b6007676a62d03dca712c9f4dff66c3270d50504ca9014"
            ],
            "version": "==3.9.0"
        },
        "pyjwkest": {
            "hashes": [
                "sha256:5560fd5ba08655f29ff6ad1df1e15dc05abc9d976fcbcec8d2b5167f49b70222"
            ],
            "version": "==1.4.2"
        },
        "pyjwt": {
            "hashes": [
                "sha256:5c6eca3c2940464d106b99ba83b00c6add741c9becaec087fb7ccdefea71350e",
                "sha256:8d59a976fb773f3e6a39c85636357c4f0e242707394cadadd9814f5cbaa20e96"
            ],
            "version": "==1.7.1"
        },
        "python3-openid": {
            "hashes": [
                "sha256:0086da6b6ef3161cfe50fb1ee5cceaf2cda1700019fda03c2c5c440ca6abe4fa",
                "sha256:628d365d687e12da12d02c6691170f4451db28d6d68d050007e4a40065868502"
            ],
            "markers": "python_version >= '3.0'",
            "version": "==3.1.0"
        },
        "pytz": {
            "hashes": [
                "sha256:1c557d7d0e871de1f5ccd5833f60fb2550652da6be2693c1e02300743d21500d",
                "sha256:b02c06db6cf09c12dd25137e563b31700d3b80fcc4ad23abb7a315f2789819be"
            ],
            "version": "==2019.3"
        },
        "requests": {
            "hashes": [
                "sha256:11e007a8a2aa0323f5a921e9e6a2d7e4e67d9877e85773fba9ba6419025cbeb4",
                "sha256:9cf5292fcd0f598c671cfc1e0d7d1a7f13bb8085e9a590f48c010551dc6c4b31"
            ],
            "version": "==2.22.0"
        },
        "requests-oauthlib": {
            "hashes": [
                "sha256:bd6533330e8748e94bf0b214775fed487d309b8b8fe823dc45641ebcd9a32f57",
                "sha256:d3ed0c8f2e3bbc6b344fa63d6f933745ab394469da38db16bdddb461c7e25140"
            ],
            "version": "==1.2.0"
        },
        "six": {
            "hashes": [
                "sha256:3350809f0555b11f552448330d0b52d5f24c91a322ea4a15ef22629740f3761c",
                "sha256:d16a0141ec1a18405cd4ce8b4613101da75da0e9a7aec5bdd4fa804d0e0eba73"
            ],
            "version": "==1.12.0"
        },
        "social-auth-app-django": {
            "hashes": [
                "sha256:3476aa7463ca821d1b1d8381d46b4c186b2b874d0e55541b087be596b2413acb",
                "sha256:babc03c024ce719808af534167b9f5b76bb8b0aa0adfd1db01b124542ab906e1",
                "sha256:c853c15bf287e8400c687340b11278539838c1d2b911df264a38e60add0ac6f3"
            ],
            "version": "==1.2.0"
        },
        "social-auth-core": {
            "extras": [
                "openidconnect"
            ],
            "hashes": [
                "sha256:273eb5bbeded3cfc178ca7e14f0641165df03133a2f787a6e412f782489d56ba",
                "sha256:7b393754ab75f6e5176568554f4f7b5cd9e4cb6dab23d9614e5c9e1425f3fcf9",
                "sha256:eb0d0e29d0cfa729cd52437314d4aeb83806c4d6e7824cbe988195b6a4b85163"
            ],
            "version": "==1.7.0"
        },
        "urllib3": {
            "hashes": [
                "sha256:4c291ca23bbb55c76518905869ef34bdd5f0e46af7afe6861e8375643ffee1a0",
                "sha256:9a247273df709c4fedb38c711e44292304f73f39ab01beda9f6b9fc375669ac3"
            ],
            "version": "==1.24.2"
        },
        "whitenoise": {
            "hashes": [
                "sha256:1d62a003a0ab747de96da45c831cbb512dcb7f69c1ef0bd20b1cd4ae45d8a0c4",
                "sha256:d098327276de6fd189398a7bcb95789d1bb2d41b3e011eeae4562f6b1a107dd4"
            ],
            "version": "==3.3.0"
        }
    },
    "develop": {
        "astroid": {
            "hashes": [
                "sha256:09a3fba616519311f1af8a461f804b68f0370e100c9264a035aa7846d7852e33",
                "sha256:5a79c9b4bd6c4be777424593f957c996e20beb5f74e0bc332f47713c6f675efe"
            ],
            "version": "==2.3.2"
        },
        "django-dynamic-fixture": {
            "hashes": [
                "sha256:4cd30961b8c0faca2a4f026078ba731006710c6a1eb80fb97e1e89c8c827cdd4"
            ],
            "version": "==1.9.5"
        },
        "importlib-metadata": {
            "hashes": [
                "sha256:aa18d7378b00b40847790e7c27e11673d7fed219354109d0e7b9e5b25dc3ad26",
                "sha256:d5f18a79777f3aa179c145737780282e27b508fc8fd688cb17c7a813e8bd39af"
            ],
            "markers": "python_version < '3.8'",
            "version": "==0.23"
        },
        "isort": {
            "hashes": [
                "sha256:54da7e92468955c4fceacd0c86bd0ec997b0e1ee80d97f67c35a78b719dccab1",
                "sha256:6e811fcb295968434526407adb8796944f1988c5b65e8139058f2014cbe100fd"
            ],
            "version": "==4.3.21"
        },
        "lazy-object-proxy": {
            "hashes": [
                "sha256:02b260c8deb80db09325b99edf62ae344ce9bc64d68b7a634410b8e9a568edbf",
                "sha256:18f9c401083a4ba6e162355873f906315332ea7035803d0fd8166051e3d402e3",
                "sha256:1f2c6209a8917c525c1e2b55a716135ca4658a3042b5122d4e3413a4030c26ce",
                "sha256:2f06d97f0ca0f414f6b707c974aaf8829c2292c1c497642f63824119d770226f",
                "sha256:616c94f8176808f4018b39f9638080ed86f96b55370b5a9463b2ee5c926f6c5f",
                "sha256:63b91e30ef47ef68a30f0c3c278fbfe9822319c15f34b7538a829515b84ca2a0",
                "sha256:77b454f03860b844f758c5d5c6e5f18d27de899a3db367f4af06bec2e6013a8e",
                "sha256:83fe27ba321e4cfac466178606147d3c0aa18e8087507caec78ed5a966a64905",
                "sha256:84742532d39f72df959d237912344d8a1764c2d03fe58beba96a87bfa11a76d8",
                "sha256:874ebf3caaf55a020aeb08acead813baf5a305927a71ce88c9377970fe7ad3c2",
                "sha256:9f5caf2c7436d44f3cec97c2fa7791f8a675170badbfa86e1992ca1b84c37009",
                "sha256:a0c8758d01fcdfe7ae8e4b4017b13552efa7f1197dd7358dc9da0576f9d0328a",
                "sha256:a4def978d9d28cda2d960c279318d46b327632686d82b4917516c36d4c274512",
                "sha256:ad4f4be843dace866af5fc142509e9b9817ca0c59342fdb176ab6ad552c927f5",
                "sha256:ae33dd198f772f714420c5ab698ff05ff900150486c648d29951e9c70694338e",
                "sha256:b4a2b782b8a8c5522ad35c93e04d60e2ba7f7dcb9271ec8e8c3e08239be6c7b4",
                "sha256:c462eb33f6abca3b34cdedbe84d761f31a60b814e173b98ede3c81bb48967c4f",
                "sha256:fd135b8d35dfdcdb984828c84d695937e58cc5f49e1c854eb311c4d6aa03f4f1"
            ],
            "version": "==1.4.2"
        },
        "mccabe": {
            "hashes": [
                "sha256:ab8a6258860da4b6677da4bd2fe5dc2c659cff31b3ee4f7f5d64e79735b80d42",
                "sha256:dd8d182285a0fe56bace7f45b5e7d1a6ebcbf524e8f3bd87eb0f125271b8831f"
            ],
            "version": "==0.6.1"
        },
        "more-itertools": {
            "hashes": [
                "sha256:409cd48d4db7052af495b09dec721011634af3753ae1ef92d2b32f73a745f832",
                "sha256:92b8c4b06dac4f0611c0729b2f2ede52b2e1bac1ab48f089c7ddc12e26bb60c4"
            ],
            "version": "==7.2.0"
        },
        "pluggy": {
            "hashes": [
                "sha256:0db4b7601aae1d35b4a033282da476845aa19185c1e6964b25cf324b5e4ec3e6",
                "sha256:fa5fa1622fa6dd5c030e9cad086fa19ef6a0cf6d7a2d12318e10cb49d6d68f34"
            ],
            "version": "==0.13.0"
        },
        "py": {
            "hashes": [
                "sha256:64f65755aee5b381cea27766a3a147c3f15b9b6b9ac88676de66ba2ae36793fa",
                "sha256:dc639b046a6e2cff5bbe40194ad65936d6ba360b52b3c3fe1d08a82dd50b5e53"
            ],
            "version": "==1.8.0"
        },
        "pylint": {
            "hashes": [
                "sha256:c7a3ee11db42d00334671b778f042793c837b73f5883132158284b7dbd6f8184",
                "sha256:ea6afb93a9ed810cf52ff3838eb3a15e2bf6a81b80de0eaede1ce442caa5ca69"
            ],
            "version": "==1.7.2"
        },
        "pytest": {
            "hashes": [
                "sha256:0225cf10b9e173f84729d5f4648211458a222c6e53a77a85e104bc5f31c244ee",
                "sha256:d994b4f28c6d449a467ad3d336544945a0dcf350e3b7b301219547ef5aa8125e"
            ],
            "version": "==3.2.0"
        },
        "pytest-django": {
            "hashes": [
                "sha256:00995c2999b884a38ae9cd30a8c00ed32b3d38c1041250ea84caf18085589662",
                "sha256:038ccc5a9daa1b1b0eb739ab7dce54e495811eca5ea3af4815a2a3ac45152309"
            ],
            "version": "==3.1.2"
        },
        "six": {
            "hashes": [
                "sha256:3350809f0555b11f552448330d0b52d5f24c91a322ea4a15ef22629740f3761c",
                "sha256:d16a0141ec1a18405cd4ce8b4613101da75da0e9a7aec5bdd4fa804d0e0eba73"
            ],
            "version": "==1.12.0"
        },
        "tox": {
            "hashes": [
                "sha256:0f37ea637ead4a5bbae91531b0bf8fd327c7152e20255e5960ee180598228d21",
                "sha256:9c3bdc06fe411d24015e8bbbab9d03dc5243a970154496aac13f9283682435f9"
            ],
            "version": "==2.7.0"
        },
        "typed-ast": {
            "hashes": [
                "sha256:1170afa46a3799e18b4c977777ce137bb53c7485379d9706af8a59f2ea1aa161",
                "sha256:18511a0b3e7922276346bcb47e2ef9f38fb90fd31cb9223eed42c85d1312344e",
                "sha256:262c247a82d005e43b5b7f69aff746370538e176131c32dda9cb0f324d27141e",
                "sha256:2b907eb046d049bcd9892e3076c7a6456c93a25bebfe554e931620c90e6a25b0",
                "sha256:354c16e5babd09f5cb0ee000d54cfa38401d8b8891eefa878ac772f827181a3c",
                "sha256:48e5b1e71f25cfdef98b013263a88d7145879fbb2d5185f2a0c79fa7ebbeae47",
                "sha256:4e0b70c6fc4d010f8107726af5fd37921b666f5b31d9331f0bd24ad9a088e631",
                "sha256:630968c5cdee51a11c05a30453f8cd65e0cc1d2ad0d9192819df9978984529f4",
                "sha256:66480f95b8167c9c5c5c87f32cf437d585937970f3fc24386f313a4c97b44e34",
                "sha256:71211d26ffd12d63a83e079ff258ac9d56a1376a25bc80b1cdcdf601b855b90b",
                "sha256:7954560051331d003b4e2b3eb822d9dd2e376fa4f6d98fee32f452f52dd6ebb2",
                "sha256:838997f4310012cf2e1ad3803bce2f3402e9ffb71ded61b5ee22617b3a7f6b6e",
                "sha256:95bd11af7eafc16e829af2d3df510cecfd4387f6453355188342c3e79a2ec87a",
                "sha256:bc6c7d3fa1325a0c6613512a093bc2a2a15aeec350451cbdf9e1d4bffe3e3233",
                "sha256:cc34a6f5b426748a507dd5d1de4c1978f2eb5626d51326e43280941206c209e1",
                "sha256:d755f03c1e4a51e9b24d899561fec4ccaf51f210d52abdf8c07ee2849b212a36",
                "sha256:d7c45933b1bdfaf9f36c579671fec15d25b06c8398f113dab64c18ed1adda01d",
                "sha256:d896919306dd0aa22d0132f62a1b78d11aaf4c9fc5b3410d3c666b818191630a",
                "sha256:fdc1c9bbf79510b76408840e009ed65958feba92a88833cdceecff93ae8fff66",
                "sha256:ffde2fbfad571af120fcbfbbc61c72469e72f550d676c3342492a9dfdefb8f12"
            ],
            "markers": "implementation_name == 'cpython' and python_version < '3.8'",
            "version": "==1.4.0"
        },
        "virtualenv": {
            "hashes": [
                "sha256:3e3597e89c73df9313f5566e8fc582bd7037938d15b05329c232ec57a11a7ad5",
                "sha256:5d370508bf32e522d79096e8cbea3499d47e624ac7e11e9089f9397a0b3318df"
            ],
            "markers": "python_version != '3.2'",
            "version": "==16.7.6"
        },
        "wrapt": {
            "hashes": [
                "sha256:565a021fd19419476b9362b05eeaa094178de64f8361e44468f9e9d7843901e1"
            ],
            "version": "==1.11.2"
        },
        "zipp": {
            "hashes": [
                "sha256:3718b1cbcd963c7d4c5511a8240812904164b7f381b647143a89d3b98f9bcd8e",
                "sha256:f06903e9f1f43b12d371004b4ac7b06ab39a44adc747266928ae6debfa7b3335"
            ],
            "version": "==0.6.0"
        }
    }
}
